// !$*UTF8*$!
{
	archiveVersion = 1;
	classes = {
	};
	objectVersion = 48;
	objects = {

/* Begin PBXBuildFile section */
		A4E28F1320E867F40067B1DB /* AppDelegate.swift in Sources */ = {isa = PBXBuildFile; fileRef = A4E28F1220E867F40067B1DB /* AppDelegate.swift */; };
		A4E28F1520E867F40067B1DB /* ViewController.swift in Sources */ = {isa = PBXBuildFile; fileRef = A4E28F1420E867F40067B1DB /* ViewController.swift */; };
		A4E28F1820E867F40067B1DB /* Main.storyboard in Resources */ = {isa = PBXBuildFile; fileRef = A4E28F1620E867F40067B1DB /* Main.storyboard */; };
		A4E28F1A20E867F40067B1DB /* Assets.xcassets in Resources */ = {isa = PBXBuildFile; fileRef = A4E28F1920E867F40067B1DB /* Assets.xcassets */; };
		A4E28F1D20E867F40067B1DB /* LaunchScreen.storyboard in Resources */ = {isa = PBXBuildFile; fileRef = A4E28F1B20E867F40067B1DB /* LaunchScreen.storyboard */; };
		A4E28F2820E867F50067B1DB /* recipeTests.swift in Sources */ = {isa = PBXBuildFile; fileRef = A4E28F2720E867F50067B1DB /* recipeTests.swift */; };
		A4E28F3320E867F50067B1DB /* recipeUITests.swift in Sources */ = {isa = PBXBuildFile; fileRef = A4E28F3220E867F50067B1DB /* recipeUITests.swift */; };
		A4EA5E5320EB32C400303765 /* AddViewController.swift in Sources */ = {isa = PBXBuildFile; fileRef = A4EA5E5220EB32C400303765 /* AddViewController.swift */; };
		A4EA5E5520EB32DB00303765 /* DetailViewController.swift in Sources */ = {isa = PBXBuildFile; fileRef = A4EA5E5420EB32DB00303765 /* DetailViewController.swift */; };
		A4EA5E5720EB384700303765 /* CustomCell.swift in Sources */ = {isa = PBXBuildFile; fileRef = A4EA5E5620EB384700303765 /* CustomCell.swift */; };
		A4EA5E5920EEA98B00303765 /* Recipe.swift in Sources */ = {isa = PBXBuildFile; fileRef = A4EA5E5820EEA98B00303765 /* Recipe.swift */; };
		A4EA5E5B20EEAB9B00303765 /* RecipeManager.swift in Sources */ = {isa = PBXBuildFile; fileRef = A4EA5E5A20EEAB9B00303765 /* RecipeManager.swift */; };
/* End PBXBuildFile section */

/* Begin PBXContainerItemProxy section */
		A4E28F2420E867F50067B1DB /* PBXContainerItemProxy */ = {
			isa = PBXContainerItemProxy;
			containerPortal = A4E28F0720E867F40067B1DB /* Project object */;
			proxyType = 1;
			remoteGlobalIDString = A4E28F0E20E867F40067B1DB;
			remoteInfo = recipe;
		};
		A4E28F2F20E867F50067B1DB /* PBXContainerItemProxy */ = {
			isa = PBXContainerItemProxy;
			containerPortal = A4E28F0720E867F40067B1DB /* Project object */;
			proxyType = 1;
			remoteGlobalIDString = A4E28F0E20E867F40067B1DB;
			remoteInfo = recipe;
		};
/* End PBXContainerItemProxy section */

/* Begin PBXFileReference section */
		A4E28F0F20E867F40067B1DB /* recipe.app */ = {isa = PBXFileReference; explicitFileType = wrapper.application; includeInIndex = 0; path = recipe.app; sourceTree = BUILT_PRODUCTS_DIR; };
		A4E28F1220E867F40067B1DB /* AppDelegate.swift */ = {isa = PBXFileReference; lastKnownFileType = sourcecode.swift; path = AppDelegate.swift; sourceTree = "<group>"; };
		A4E28F1420E867F40067B1DB /* ViewController.swift */ = {isa = PBXFileReference; lastKnownFileType = sourcecode.swift; path = ViewController.swift; sourceTree = "<group>"; };
		A4E28F1720E867F40067B1DB /* Base */ = {isa = PBXFileReference; lastKnownFileType = file.storyboard; name = Base; path = Base.lproj/Main.storyboard; sourceTree = "<group>"; };
		A4E28F1920E867F40067B1DB /* Assets.xcassets */ = {isa = PBXFileReference; lastKnownFileType = folder.assetcatalog; path = Assets.xcassets; sourceTree = "<group>"; };
		A4E28F1C20E867F40067B1DB /* Base */ = {isa = PBXFileReference; lastKnownFileType = file.storyboard; name = Base; path = Base.lproj/LaunchScreen.storyboard; sourceTree = "<group>"; };
		A4E28F1E20E867F40067B1DB /* Info.plist */ = {isa = PBXFileReference; lastKnownFileType = text.plist.xml; path = Info.plist; sourceTree = "<group>"; };
		A4E28F2320E867F50067B1DB /* recipeTests.xctest */ = {isa = PBXFileReference; explicitFileType = wrapper.cfbundle; includeInIndex = 0; path = recipeTests.xctest; sourceTree = BUILT_PRODUCTS_DIR; };
		A4E28F2720E867F50067B1DB /* recipeTests.swift */ = {isa = PBXFileReference; lastKnownFileType = sourcecode.swift; path = recipeTests.swift; sourceTree = "<group>"; };
		A4E28F2920E867F50067B1DB /* Info.plist */ = {isa = PBXFileReference; lastKnownFileType = text.plist.xml; path = Info.plist; sourceTree = "<group>"; };
		A4E28F2E20E867F50067B1DB /* recipeUITests.xctest */ = {isa = PBXFileReference; explicitFileType = wrapper.cfbundle; includeInIndex = 0; path = recipeUITests.xctest; sourceTree = BUILT_PRODUCTS_DIR; };
		A4E28F3220E867F50067B1DB /* recipeUITests.swift */ = {isa = PBXFileReference; lastKnownFileType = sourcecode.swift; path = recipeUITests.swift; sourceTree = "<group>"; };
		A4E28F3420E867F50067B1DB /* Info.plist */ = {isa = PBXFileReference; lastKnownFileType = text.plist.xml; path = Info.plist; sourceTree = "<group>"; };
		A4EA5E5220EB32C400303765 /* AddViewController.swift */ = {isa = PBXFileReference; lastKnownFileType = sourcecode.swift; path = AddViewController.swift; sourceTree = "<group>"; };
		A4EA5E5420EB32DB00303765 /* DetailViewController.swift */ = {isa = PBXFileReference; lastKnownFileType = sourcecode.swift; path = DetailViewController.swift; sourceTree = "<group>"; };
		A4EA5E5620EB384700303765 /* CustomCell.swift */ = {isa = PBXFileReference; lastKnownFileType = sourcecode.swift; path = CustomCell.swift; sourceTree = "<group>"; };
		A4EA5E5820EEA98B00303765 /* Recipe.swift */ = {isa = PBXFileReference; lastKnownFileType = sourcecode.swift; path = Recipe.swift; sourceTree = "<group>"; };
		A4EA5E5A20EEAB9B00303765 /* RecipeManager.swift */ = {isa = PBXFileReference; lastKnownFileType = sourcecode.swift; path = RecipeManager.swift; sourceTree = "<group>"; };
/* End PBXFileReference section */

/* Begin PBXFrameworksBuildPhase section */
		A4E28F0C20E867F40067B1DB /* Frameworks */ = {
			isa = PBXFrameworksBuildPhase;
			buildActionMask = 2147483647;
			files = (
			);
			runOnlyForDeploymentPostprocessing = 0;
		};
		A4E28F2020E867F50067B1DB /* Frameworks */ = {
			isa = PBXFrameworksBuildPhase;
			buildActionMask = 2147483647;
			files = (
			);
			runOnlyForDeploymentPostprocessing = 0;
		};
		A4E28F2B20E867F50067B1DB /* Frameworks */ = {
			isa = PBXFrameworksBuildPhase;
			buildActionMask = 2147483647;
			files = (
			);
			runOnlyForDeploymentPostprocessing = 0;
		};
/* End PBXFrameworksBuildPhase section */

/* Begin PBXGroup section */
		A4E28F0620E867F40067B1DB = {
			isa = PBXGroup;
			children = (
				A4E28F1120E867F40067B1DB /* recipe */,
				A4E28F2620E867F50067B1DB /* recipeTests */,
				A4E28F3120E867F50067B1DB /* recipeUITests */,
				A4E28F1020E867F40067B1DB /* Products */,
			);
			sourceTree = "<group>";
		};
		A4E28F1020E867F40067B1DB /* Products */ = {
			isa = PBXGroup;
			children = (
				A4E28F0F20E867F40067B1DB /* recipe.app */,
				A4E28F2320E867F50067B1DB /* recipeTests.xctest */,
				A4E28F2E20E867F50067B1DB /* recipeUITests.xctest */,
			);
			name = Products;
			sourceTree = "<group>";
		};
		A4E28F1120E867F40067B1DB /* recipe */ = {
			isa = PBXGroup;
			children = (
				A4EA5E5620EB384700303765 /* CustomCell.swift */,
				A4E28F1220E867F40067B1DB /* AppDelegate.swift */,
				A4E28F1420E867F40067B1DB /* ViewController.swift */,
				A4EA5E5820EEA98B00303765 /* Recipe.swift */,
				A4EA5E5A20EEAB9B00303765 /* RecipeManager.swift */,
				A4EA5E5220EB32C400303765 /* AddViewController.swift */,
				A4EA5E5420EB32DB00303765 /* DetailViewController.swift */,
				A4E28F1620E867F40067B1DB /* Main.storyboard */,
				A4E28F1920E867F40067B1DB /* Assets.xcassets */,
				A4E28F1B20E867F40067B1DB /* LaunchScreen.storyboard */,
				A4E28F1E20E867F40067B1DB /* Info.plist */,
			);
			path = recipe;
			sourceTree = "<group>";
		};
		A4E28F2620E867F50067B1DB /* recipeTests */ = {
			isa = PBXGroup;
			children = (
				A4E28F2720E867F50067B1DB /* recipeTests.swift */,
				A4E28F2920E867F50067B1DB /* Info.plist */,
			);
			path = recipeTests;
			sourceTree = "<group>";
		};
		A4E28F3120E867F50067B1DB /* recipeUITests */ = {
			isa = PBXGroup;
			children = (
				A4E28F3220E867F50067B1DB /* recipeUITests.swift */,
				A4E28F3420E867F50067B1DB /* Info.plist */,
			);
			path = recipeUITests;
			sourceTree = "<group>";
		};
/* End PBXGroup section */

/* Begin PBXNativeTarget section */
		A4E28F0E20E867F40067B1DB /* recipe */ = {
			isa = PBXNativeTarget;
			buildConfigurationList = A4E28F3720E867F50067B1DB /* Build configuration list for PBXNativeTarget "recipe" */;
			buildPhases = (
				A4E28F0B20E867F40067B1DB /* Sources */,
				A4E28F0C20E867F40067B1DB /* Frameworks */,
				A4E28F0D20E867F40067B1DB /* Resources */,
			);
			buildRules = (
			);
			dependencies = (
			);
			name = recipe;
			productName = recipe;
			productReference = A4E28F0F20E867F40067B1DB /* recipe.app */;
			productType = "com.apple.product-type.application";
		};
		A4E28F2220E867F50067B1DB /* recipeTests */ = {
			isa = PBXNativeTarget;
			buildConfigurationList = A4E28F3A20E867F50067B1DB /* Build configuration list for PBXNativeTarget "recipeTests" */;
			buildPhases = (
				A4E28F1F20E867F50067B1DB /* Sources */,
				A4E28F2020E867F50067B1DB /* Frameworks */,
				A4E28F2120E867F50067B1DB /* Resources */,
			);
			buildRules = (
			);
			dependencies = (
				A4E28F2520E867F50067B1DB /* PBXTargetDependency */,
			);
			name = recipeTests;
			productName = recipeTests;
			productReference = A4E28F2320E867F50067B1DB /* recipeTests.xctest */;
			productType = "com.apple.product-type.bundle.unit-test";
		};
		A4E28F2D20E867F50067B1DB /* recipeUITests */ = {
			isa = PBXNativeTarget;
			buildConfigurationList = A4E28F3D20E867F50067B1DB /* Build configuration list for PBXNativeTarget "recipeUITests" */;
			buildPhases = (
				A4E28F2A20E867F50067B1DB /* Sources */,
				A4E28F2B20E867F50067B1DB /* Frameworks */,
				A4E28F2C20E867F50067B1DB /* Resources */,
			);
			buildRules = (
			);
			dependencies = (
				A4E28F3020E867F50067B1DB /* PBXTargetDependency */,
			);
			name = recipeUITests;
			productName = recipeUITests;
			productReference = A4E28F2E20E867F50067B1DB /* recipeUITests.xctest */;
			productType = "com.apple.product-type.bundle.ui-testing";
		};
/* End PBXNativeTarget section */

/* Begin PBXProject section */
		A4E28F0720E867F40067B1DB /* Project object */ = {
			isa = PBXProject;
			attributes = {
				LastSwiftUpdateCheck = 0920;
				LastUpgradeCheck = 0920;
				ORGANIZATIONNAME = "alvin wen";
				TargetAttributes = {
					A4E28F0E20E867F40067B1DB = {
						CreatedOnToolsVersion = 9.2;
						ProvisioningStyle = Automatic;
					};
					A4E28F2220E867F50067B1DB = {
						CreatedOnToolsVersion = 9.2;
						ProvisioningStyle = Automatic;
						TestTargetID = A4E28F0E20E867F40067B1DB;
					};
					A4E28F2D20E867F50067B1DB = {
						CreatedOnToolsVersion = 9.2;
						ProvisioningStyle = Automatic;
						TestTargetID = A4E28F0E20E867F40067B1DB;
					};
				};
			};
			buildConfigurationList = A4E28F0A20E867F40067B1DB /* Build configuration list for PBXProject "recipe" */;
			compatibilityVersion = "Xcode 8.0";
			developmentRegion = en;
			hasScannedForEncodings = 0;
			knownRegions = (
				en,
				Base,
			);
			mainGroup = A4E28F0620E867F40067B1DB;
			productRefGroup = A4E28F1020E867F40067B1DB /* Products */;
			projectDirPath = "";
			projectRoot = "";
			targets = (
				A4E28F0E20E867F40067B1DB /* recipe */,
				A4E28F2220E867F50067B1DB /* recipeTests */,
				A4E28F2D20E867F50067B1DB /* recipeUITests */,
			);
		};
/* End PBXProject section */

/* Begin PBXResourcesBuildPhase section */
		A4E28F0D20E867F40067B1DB /* Resources */ = {
			isa = PBXResourcesBuildPhase;
			buildActionMask = 2147483647;
			files = (
				A4E28F1D20E867F40067B1DB /* LaunchScreen.storyboard in Resources */,
				A4E28F1A20E867F40067B1DB /* Assets.xcassets in Resources */,
				A4E28F1820E867F40067B1DB /* Main.storyboard in Resources */,
			);
			runOnlyForDeploymentPostprocessing = 0;
		};
		A4E28F2120E867F50067B1DB /* Resources */ = {
			isa = PBXResourcesBuildPhase;
			buildActionMask = 2147483647;
			files = (
			);
			runOnlyForDeploymentPostprocessing = 0;
		};
		A4E28F2C20E867F50067B1DB /* Resources */ = {
			isa = PBXResourcesBuildPhase;
			buildActionMask = 2147483647;
			files = (
			);
			runOnlyForDeploymentPostprocessing = 0;
		};
/* End PBXResourcesBuildPhase section */

/* Begin PBXSourcesBuildPhase section */
		A4E28F0B20E867F40067B1DB /* Sources */ = {
			isa = PBXSourcesBuildPhase;
			buildActionMask = 2147483647;
			files = (
				A4E28F1520E867F40067B1DB /* ViewController.swift in Sources */,
				A4E28F1320E867F40067B1DB /* AppDelegate.swift in Sources */,
				A4EA5E5720EB384700303765 /* CustomCell.swift in Sources */,
				A4EA5E5920EEA98B00303765 /* Recipe.swift in Sources */,
				A4EA5E5B20EEAB9B00303765 /* RecipeManager.swift in Sources */,
				A4EA5E5320EB32C400303765 /* AddViewController.swift in Sources */,
				A4EA5E5520EB32DB00303765 /* DetailViewController.swift in Sources */,
			);
			runOnlyForDeploymentPostprocessing = 0;
		};
		A4E28F1F20E867F50067B1DB /* Sources */ = {
			isa = PBXSourcesBuildPhase;
			buildActionMask = 2147483647;
			files = (
				A4E28F2820E867F50067B1DB /* recipeTests.swift in Sources */,
			);
			runOnlyForDeploymentPostprocessing = 0;
		};
		A4E28F2A20E867F50067B1DB /* Sources */ = {
			isa = PBXSourcesBuildPhase;
			buildActionMask = 2147483647;
			files = (
				A4E28F3320E867F50067B1DB /* recipeUITests.swift in Sources */,
			);
			runOnlyForDeploymentPostprocessing = 0;
		};
/* End PBXSourcesBuildPhase section */

/* Begin PBXTargetDependency section */
		A4E28F2520E867F50067B1DB /* PBXTargetDependency */ = {
			isa = PBXTargetDependency;
			target = A4E28F0E20E867F40067B1DB /* recipe */;
			targetProxy = A4E28F2420E867F50067B1DB /* PBXContainerItemProxy */;
		};
		A4E28F3020E867F50067B1DB /* PBXTargetDependency */ = {
			isa = PBXTargetDependency;
			target = A4E28F0E20E867F40067B1DB /* recipe */;
			targetProxy = A4E28F2F20E867F50067B1DB /* PBXContainerItemProxy */;
		};
/* End PBXTargetDependency section */

/* Begin PBXVariantGroup section */
		A4E28F1620E867F40067B1DB /* Main.storyboard */ = {
			isa = PBXVariantGroup;
			children = (
				A4E28F1720E867F40067B1DB /* Base */,
			);
			name = Main.storyboard;
			sourceTree = "<group>";
		};
		A4E28F1B20E867F40067B1DB /* LaunchScreen.storyboard */ = {
			isa = PBXVariantGroup;
			children = (
				A4E28F1C20E867F40067B1DB /* Base */,
			);
			name = LaunchScreen.storyboard;
			sourceTree = "<group>";
		};
/* End PBXVariantGroup section */

/* Begin XCBuildConfiguration section */
		A4E28F3520E867F50067B1DB /* Debug */ = {
			isa = XCBuildConfiguration;
			buildSettings = {
				ALWAYS_SEARCH_USER_PATHS = NO;
				CLANG_ANALYZER_NONNULL = YES;
				CLANG_ANALYZER_NUMBER_OBJECT_CONVERSION = YES_AGGRESSIVE;
				CLANG_CXX_LANGUAGE_STANDARD = "gnu++14";
				CLANG_CXX_LIBRARY = "libc++";
				CLANG_ENABLE_MODULES = YES;
				CLANG_ENABLE_OBJC_ARC = YES;
				CLANG_WARN_BLOCK_CAPTURE_AUTORELEASING = YES;
				CLANG_WARN_BOOL_CONVERSION = YES;
				CLANG_WARN_COMMA = YES;
				CLANG_WARN_CONSTANT_CONVERSION = YES;
				CLANG_WARN_DIRECT_OBJC_ISA_USAGE = YES_ERROR;
				CLANG_WARN_DOCUMENTATION_COMMENTS = YES;
				CLANG_WARN_EMPTY_BODY = YES;
				CLANG_WARN_ENUM_CONVERSION = YES;
				CLANG_WARN_INFINITE_RECURSION = YES;
				CLANG_WARN_INT_CONVERSION = YES;
				CLANG_WARN_NON_LITERAL_NULL_CONVERSION = YES;
				CLANG_WARN_OBJC_LITERAL_CONVERSION = YES;
				CLANG_WARN_OBJC_ROOT_CLASS = YES_ERROR;
				CLANG_WARN_RANGE_LOOP_ANALYSIS = YES;
				CLANG_WARN_STRICT_PROTOTYPES = YES;
				CLANG_WARN_SUSPICIOUS_MOVE = YES;
				CLANG_WARN_UNGUARDED_AVAILABILITY = YES_AGGRESSIVE;
				CLANG_WARN_UNREACHABLE_CODE = YES;
				CLANG_WARN__DUPLICATE_METHOD_MATCH = YES;
				CODE_SIGN_IDENTITY = "iPhone Developer";
				COPY_PHASE_STRIP = NO;
				DEBUG_INFORMATION_FORMAT = dwarf;
				ENABLE_STRICT_OBJC_MSGSEND = YES;
				ENABLE_TESTABILITY = YES;
				GCC_C_LANGUAGE_STANDARD = gnu11;
				GCC_DYNAMIC_NO_PIC = NO;
				GCC_NO_COMMON_BLOCKS = YES;
				GCC_OPTIMIZATION_LEVEL = 0;
				GCC_PREPROCESSOR_DEFINITIONS = (
					"DEBUG=1",
					"$(inherited)",
				);
				GCC_WARN_64_TO_32_BIT_CONVERSION = YES;
				GCC_WARN_ABOUT_RETURN_TYPE = YES_ERROR;
				GCC_WARN_UNDECLARED_SELECTOR = YES;
				GCC_WARN_UNINITIALIZED_AUTOS = YES_AGGRESSIVE;
				GCC_WARN_UNUSED_FUNCTION = YES;
				GCC_WARN_UNUSED_VARIABLE = YES;
				IPHONEOS_DEPLOYMENT_TARGET = 11.2;
				MTL_ENABLE_DEBUG_INFO = YES;
				ONLY_ACTIVE_ARCH = YES;
				SDKROOT = iphoneos;
				SWIFT_ACTIVE_COMPILATION_CONDITIONS = DEBUG;
				SWIFT_OPTIMIZATION_LEVEL = "-Onone";
			};
			name = Debug;
		};
		A4E28F3620E867F50067B1DB /* Release */ = {
			isa = XCBuildConfiguration;
			buildSettings = {
				ALWAYS_SEARCH_USER_PATHS = NO;
				CLANG_ANALYZER_NONNULL = YES;
				CLANG_ANALYZER_NUMBER_OBJECT_CONVERSION = YES_AGGRESSIVE;
				CLANG_CXX_LANGUAGE_STANDARD = "gnu++14";
				CLANG_CXX_LIBRARY = "libc++";
				CLANG_ENABLE_MODULES = YES;
				CLANG_ENABLE_OBJC_ARC = YES;
				CLANG_WARN_BLOCK_CAPTURE_AUTORELEASING = YES;
				CLANG_WARN_BOOL_CONVERSION = YES;
				CLANG_WARN_COMMA = YES;
				CLANG_WARN_CONSTANT_CONVERSION = YES;
				CLANG_WARN_DIRECT_OBJC_ISA_USAGE = YES_ERROR;
				CLANG_WARN_DOCUMENTATION_COMMENTS = YES;
				CLANG_WARN_EMPTY_BODY = YES;
				CLANG_WARN_ENUM_CONVERSION = YES;
				CLANG_WARN_INFINITE_RECURSION = YES;
				CLANG_WARN_INT_CONVERSION = YES;
				CLANG_WARN_NON_LITERAL_NULL_CONVERSION = YES;
				CLANG_WARN_OBJC_LITERAL_CONVERSION = YES;
				CLANG_WARN_OBJC_ROOT_CLASS = YES_ERROR;
				CLANG_WARN_RANGE_LOOP_ANALYSIS = YES;
				CLANG_WARN_STRICT_PROTOTYPES = YES;
				CLANG_WARN_SUSPICIOUS_MOVE = YES;
				CLANG_WARN_UNGUARDED_AVAILABILITY = YES_AGGRESSIVE;
				CLANG_WARN_UNREACHABLE_CODE = YES;
				CLANG_WARN__DUPLICATE_METHOD_MATCH = YES;
				CODE_SIGN_IDENTITY = "iPhone Developer";
				COPY_PHASE_STRIP = NO;
				DEBUG_INFORMATION_FORMAT = "dwarf-with-dsym";
				ENABLE_NS_ASSERTIONS = NO;
				ENABLE_STRICT_OBJC_MSGSEND = YES;
				GCC_C_LANGUAGE_STANDARD = gnu11;
				GCC_NO_COMMON_BLOCKS = YES;
				GCC_WARN_64_TO_32_BIT_CONVERSION = YES;
				GCC_WARN_ABOUT_RETURN_TYPE = YES_ERROR;
				GCC_WARN_UNDECLARED_SELECTOR = YES;
				GCC_WARN_UNINITIALIZED_AUTOS = YES_AGGRESSIVE;
				GCC_WARN_UNUSED_FUNCTION = YES;
				GCC_WARN_UNUSED_VARIABLE = YES;
				IPHONEOS_DEPLOYMENT_TARGET = 11.2;
				MTL_ENABLE_DEBUG_INFO = NO;
				SDKROOT = iphoneos;
				SWIFT_OPTIMIZATION_LEVEL = "-Owholemodule";
				VALIDATE_PRODUCT = YES;
			};
			name = Release;
		};
		A4E28F3820E867F50067B1DB /* Debug */ = {
			isa = XCBuildConfiguration;
			buildSettings = {
				ASSETCATALOG_COMPILER_APPICON_NAME = AppIcon;
				CODE_SIGN_STYLE = Automatic;
				INFOPLIST_FILE = recipe/Info.plist;
				LD_RUNPATH_SEARCH_PATHS = "$(inherited) @executable_path/Frameworks";
				PRODUCT_BUNDLE_IDENTIFIER = alvin1.recipe;
				PRODUCT_NAME = "$(TARGET_NAME)";
				SWIFT_VERSION = 4.0;
				TARGETED_DEVICE_FAMILY = "1,2";
			};
			name = Debug;
		};
		A4E28F3920E867F50067B1DB /* Release */ = {
			isa = XCBuildConfiguration;
			buildSettings = {
				ASSETCATALOG_COMPILER_APPICON_NAME = AppIcon;
				CODE_SIGN_STYLE = Automatic;
				INFOPLIST_FILE = recipe/Info.plist;
				LD_RUNPATH_SEARCH_PATHS = "$(inherited) @executable_path/Frameworks";
				PRODUCT_BUNDLE_IDENTIFIER = alvin1.recipe;
				PRODUCT_NAME = "$(TARGET_NAME)";
				SWIFT_VERSION = 4.0;
				TARGETED_DEVICE_FAMILY = "1,2";
			};
			name = Release;
		};
		A4E28F3B20E867F50067B1DB /* Debug */ = {
			isa = XCBuildConfiguration;
			buildSettings = {
				ALWAYS_EMBED_SWIFT_STANDARD_LIBRARIES = YES;
				BUNDLE_LOADER = "$(TEST_HOST)";
				CODE_SIGN_STYLE = Automatic;
				INFOPLIST_FILE = recipeTests/Info.plist;
				LD_RUNPATH_SEARCH_PATHS = "$(inherited) @executable_path/Frameworks @loader_path/Frameworks";
				PRODUCT_BUNDLE_IDENTIFIER = alvin1.recipeTests;
				PRODUCT_NAME = "$(TARGET_NAME)";
				SWIFT_VERSION = 4.0;
				TARGETED_DEVICE_FAMILY = "1,2";
				TEST_HOST = "$(BUILT_PRODUCTS_DIR)/recipe.app/recipe";
			};
			name = Debug;
		};
		A4E28F3C20E867F50067B1DB /* Release */ = {
			isa = XCBuildConfiguration;
			buildSettings = {
				ALWAYS_EMBED_SWIFT_STANDARD_LIBRARIES = YES;
				BUNDLE_LOADER = "$(TEST_HOST)";
				CODE_SIGN_STYLE = Automatic;
				INFOPLIST_FILE = recipeTests/Info.plist;
				LD_RUNPATH_SEARCH_PATHS = "$(inherited) @executable_path/Frameworks @loader_path/Frameworks";
				PRODUCT_BUNDLE_IDENTIFIER = alvin1.recipeTests;
				PRODUCT_NAME = "$(TARGET_NAME)";
				SWIFT_VERSION = 4.0;
				TARGETED_DEVICE_FAMILY = "1,2";
				TEST_HOST = "$(BUILT_PRODUCTS_DIR)/recipe.app/recipe";
			};
			name = Release;
		};
		A4E28F3E20E867F50067B1DB /* Debug */ = {
			isa = XCBuildConfiguration;
			buildSettings = {
				ALWAYS_EMBED_SWIFT_STANDARD_LIBRARIES = YES;
				CODE_SIGN_STYLE = Automatic;
				INFOPLIST_FILE = recipeUITests/Info.plist;
				LD_RUNPATH_SEARCH_PATHS = "$(inherited) @executable_path/Frameworks @loader_path/Frameworks";
				PRODUCT_BUNDLE_IDENTIFIER = alvin1.recipeUITests;
				PRODUCT_NAME = "$(TARGET_NAME)";
				SWIFT_VERSION = 4.0;
				TARGETED_DEVICE_FAMILY = "1,2";
				TEST_TARGET_NAME = recipe;
			};
			name = Debug;
		};
		A4E28F3F20E867F50067B1DB /* Release */ = {
			isa = XCBuildConfiguration;
			buildSettings = {
				ALWAYS_EMBED_SWIFT_STANDARD_LIBRARIES = YES;
				CODE_SIGN_STYLE = Automatic;
				INFOPLIST_FILE = recipeUITests/Info.plist;
				LD_RUNPATH_SEARCH_PATHS = "$(inherited) @executable_path/Frameworks @loader_path/Frameworks";
				PRODUCT_BUNDLE_IDENTIFIER = alvin1.recipeUITests;
				PRODUCT_NAME = "$(TARGET_NAME)";
				SWIFT_VERSION = 4.0;
				TARGETED_DEVICE_FAMILY = "1,2";
				TEST_TARGET_NAME = recipe;
			};
			name = Release;
		};
/* End XCBuildConfiguration section */

/* Begin XCConfigurationList section */
		A4E28F0A20E867F40067B1DB /* Build configuration list for PBXProject "recipe" */ = {
			isa = XCConfigurationList;
			buildConfigurations = (
				A4E28F3520E867F50067B1DB /* Debug */,
				A4E28F3620E867F50067B1DB /* Release */,
			);
			defaultConfigurationIsVisible = 0;
			defaultConfigurationName = Release;
		};
		A4E28F3720E867F50067B1DB /* Build configuration list for PBXNativeTarget "recipe" */ = {
			isa = XCConfigurationList;
			buildConfigurations = (
				A4E28F3820E867F50067B1DB /* Debug */,
				A4E28F3920E867F50067B1DB /* Release */,
			);
			defaultConfigurationIsVisible = 0;
			defaultConfigurationName = Release;
		};
		A4E28F3A20E867F50067B1DB /* Build configuration list for PBXNativeTarget "recipeTests" */ = {
			isa = XCConfigurationList;
			buildConfigurations = (
				A4E28F3B20E867F50067B1DB /* Debug */,
				A4E28F3C20E867F50067B1DB /* Release */,
			);
			defaultConfigurationIsVisible = 0;
			defaultConfigurationName = Release;
		};
		A4E28F3D20E867F50067B1DB /* Build configuration list for PBXNativeTarget "recipeUITests" */ = {
			isa = XCConfigurationList;
			buildConfigurations = (
				A4E28F3E20E867F50067B1DB /* Debug */,
				A4E28F3F20E867F50067B1DB /* Release */,
			);
			defaultConfigurationIsVisible = 0;
			defaultConfigurationName = Release;
		};
/* End XCConfigurationList section */
	};
	rootObject = A4E28F0720E867F40067B1DB /* Project object */;
}
